
Microsoft Visual Studio Solution File, Format Version 12.00
# Visual Studio Version 16
VisualStudioVersion = 16.0.30309.148
MinimumVisualStudioVersion = 10.0.40219.1
Project("{FAE04EC0-301F-11D3-BF4B-00C04F79EFBC}") = "WebAppi", "WebAppi\WebAppi.csproj", "{B32176F1-C924-4277-8885-9ADD762CA69C}"
EndProject
Global
	GlobalSection(SolutionConfigurationPlatforms) = preSolution
		Debug|Any CPU = Debug|Any CPU
		Release|Any CPU = Release|Any CPU
	EndGlobalSection
	GlobalSection(ProjectConfigurationPlatforms) = postSolution
		{B32176F1-C924-4277-8885-9ADD762CA69C}.Debug|Any CPU.ActiveCfg = Debug|Any CPU
		{B32176F1-C924-4277-8885-9ADD762CA69C}.Debug|Any CPU.Build.0 = Debug|Any CPU
		{B32176F1-C924-4277-8885-9ADD762CA69C}.Release|Any CPU.ActiveCfg = Release|Any CPU
		{B32176F1-C924-4277-8885-9ADD762CA69C}.Release|Any CPU.Build.0 = Release|Any CPU
	EndGlobalSection
	GlobalSection(SolutionProperties) = preSolution
		HideSolutionNode = FALSE
	EndGlobalSection
	GlobalSection(ExtensibilityGlobals) = postSolution
		SolutionGuid = {71A003A0-A848-41FE-AB2B-034C644501E0}
	EndGlobalSection
EndGlobal
